# This file is autogenerated, do not edit; changes may be undone by the next 'dep ensure'.


[[projects]]
  branch = "master"
  name = "github.com/bronze1man/goStrongswanVici"
  packages = ["."]
  revision = "bf0f8669d78fe272ce885e7b014938e2cee05342"

[solve-meta]
  analyzer-name = "dep"
  analyzer-version = 1
  inputs-digest = "5753c2b18b8219ba82abc064777aa68d5aa6108f2e692ec915d41f5209f41478"
  solver-name = "gps-cdcl"
  solver-version = 1
